github.com/bitly/go-simplejson v0.5.1 h1:xgwPbetQScXt1gh9BmoJ6j9JMr3TElvuIyjR8pgdoow=
github.com/bitly/go-simplejson v0.5.1/go.mod h1:YOPVLzCfwK14b4Sff3oP1AmGhI9T9Vsg84etUnlyp+Q=
github.com/customerio/gospec v0.0.0-20130710230057-a5cc0e48aa39 h1:O0YTztXI3XeJXlFhSo4wNb0VBVqSgT+hi/CjNWKvMnY=
github.com/customerio/gospec v0.0.0-20130710230057-a5cc0e48aa39/go.mod h1:OzYUFhPuL2JbjwFwrv6CZs23uBawekc6OZs+g19F0mY=
github.com/davecgh/go-spew v1.1.1 h1:vj9j/u1bqnvCEfJOwUhtlOARqs3+rkHYY13jYWTU97c=
github.com/garyburd/redigo v1.6.4 h1:LFu2R3+ZOPgSMWMOL+saa/zXRjw0ID2G8FepO53BGlg=
github.com/garyburd/redigo v1.6.4/go.mod h1:rTb6epsqigu3kYKBnaF028A7Tf/Aw5s0cqA47doKKqw=
github.com/gocraft/health v0.0.0-20170925182251-8675af27fef0 h1:pKjeDsx7HGGbjr7VGI1HksxDJqSjaGED3cSw9GeSI98=
github.com/gocraft/health v0.0.0-20170925182251-8675af27fef0/go.mod h1:rWibcVfwbUxi/QXW84U7vNTcIcZFd6miwbt8ritxh/Y=
github.com/gomodule/redigo v1.9.3 h1:dNPSXeXv6HCq2jdyWfjgmhBdqnR6PRO3m/G05nvpPC8=
github.com/gomodule/redigo v1.9.3/go.mod h1:KsU3hiK/Ay8U42qpaJk+kuNa3C+spxapWpM+ywhcgtw=
github.com/jrallison/go-workers v0.0.0-20180112190529-dbf81d0b75bb h1:y9LFhCM3gwK94Xz9/h7GcSVLteky9pFHEkP04AqQupA=
github.com/jrallison/go-workers v0.0.0-20180112190529-dbf81d0b75bb/go.mod h1:ziQRRNHCWZe0wVNzF8y8kCWpso0VMpqHJjB19DSenbE=
github.com/pmezard/go-difflib v1.0.0 h1:4DBwDE0NGyQoBHbLQYPwSUPoCMWR5BEzIk/f1lZbAQM=
github.com/stretchr/testify v1.8.4 h1:CcVxjf3Q8PM0mHUKJCdn+eZZtm5yQwehR5yeSVQQcUk=
gopkg.in/yaml.v3 v3.0.1 h1:fxVm/GzAzEWqLHuvctI91KS9hhNmmWOoWu0XTYJS7CA=
